
Microsoft Visual Studio Solution File, Format Version 12.00
# Visual Studio Express 2012 for Windows Desktop
Project("{FAE04EC0-301F-11D3-BF4B-00C04F79EFBC}") = "Moonfish.Core", "Moonfish\Moonfish.Core\Moonfish.Core.csproj", "{7F6E5D63-D24C-40B1-A8AE-76CD0D4279A8}"
EndProject
Project("{FAE04EC0-301F-11D3-BF4B-00C04F79EFBC}") = "Moonfish.Debug", "Moonfish.Debug\Moonfish.Debug.csproj", "{142AF980-A8E6-4BBC-A742-A6F5F5CBA004}"
EndProject
Global
	GlobalSection(SolutionConfigurationPlatforms) = preSolution
		Debug|Any CPU = Debug|Any CPU
		Release|Any CPU = Release|Any CPU
	EndGlobalSection
	GlobalSection(ProjectConfigurationPlatforms) = postSolution
		{7F6E5D63-D24C-40B1-A8AE-76CD0D4279A8}.Debug|Any CPU.ActiveCfg = Debug|Any CPU
		{7F6E5D63-D24C-40B1-A8AE-76CD0D4279A8}.Debug|Any CPU.Build.0 = Debug|Any CPU
		{7F6E5D63-D24C-40B1-A8AE-76CD0D4279A8}.Release|Any CPU.ActiveCfg = Release|Any CPU
		{7F6E5D63-D24C-40B1-A8AE-76CD0D4279A8}.Release|Any CPU.Build.0 = Release|Any CPU
		{142AF980-A8E6-4BBC-A742-A6F5F5CBA004}.Debug|Any CPU.ActiveCfg = Debug|Any CPU
		{142AF980-A8E6-4BBC-A742-A6F5F5CBA004}.Debug|Any CPU.Build.0 = Debug|Any CPU
		{142AF980-A8E6-4BBC-A742-A6F5F5CBA004}.Release|Any CPU.ActiveCfg = Release|Any CPU
		{142AF980-A8E6-4BBC-A742-A6F5F5CBA004}.Release|Any CPU.Build.0 = Release|Any CPU
	EndGlobalSection
	GlobalSection(SolutionProperties) = preSolution
		HideSolutionNode = FALSE
	EndGlobalSection
EndGlobal
